
Microsoft Visual Studio Solution File, Format Version 12.00
# Visual Studio Version 16
VisualStudioVersion = 16.0.31025.194
MinimumVisualStudioVersion = 10.0.40219.1
Project("{FAE04EC0-301F-11D3-BF4B-00C04F79EFBC}") = "Compiler", "Compiler\Compiler.csproj", "{DFCD06E8-A9AF-4F77-8A8F-92965F4FC4BC}"
EndProject
Global
	GlobalSection(SolutionConfigurationPlatforms) = preSolution
		Debug|Any CPU = Debug|Any CPU
		Release|Any CPU = Release|Any CPU
	EndGlobalSection
	GlobalSection(ProjectConfigurationPlatforms) = postSolution
		{DFCD06E8-A9AF-4F77-8A8F-92965F4FC4BC}.Debug|Any CPU.ActiveCfg = Debug|Any CPU
		{DFCD06E8-A9AF-4F77-8A8F-92965F4FC4BC}.Debug|Any CPU.Build.0 = Debug|Any CPU
		{DFCD06E8-A9AF-4F77-8A8F-92965F4FC4BC}.Release|Any CPU.ActiveCfg = Release|Any CPU
		{DFCD06E8-A9AF-4F77-8A8F-92965F4FC4BC}.Release|Any CPU.Build.0 = Release|Any CPU
	EndGlobalSection
	GlobalSection(SolutionProperties) = preSolution
		HideSolutionNode = FALSE
	EndGlobalSection
	GlobalSection(ExtensibilityGlobals) = postSolution
		SolutionGuid = {3EABABC6-2A4C-474B-B2D8-5DF8DA29DEA2}
	EndGlobalSection
EndGlobal
